# THIS IS AN AUTOGENERATED FILE. DO NOT EDIT THIS FILE DIRECTLY.
# yarn lockfile v1


balanced-match@^1.0.0:
  version "1.0.0"
  resolved "https://registry.yarnpkg.com/balanced-match/-/balanced-match-1.0.0.tgz#89b4d199ab2bee49de164ea02b89ce462d71b767"
  integrity sha1-ibTRmasr7kneFk6gK4nORi1xt2c=

brace-expansion@^1.1.7:
  version "1.1.11"
  resolved "https://registry.yarnpkg.com/brace-expansion/-/brace-expansion-1.1.11.tgz#3c7fcbf529d87226f3d2f52b966ff5271eb441dd"
  integrity sha512-iCuPHDFgrHX7H2vEI/5xpz07zSHB00TpugqhmYtVmMO6518mCuRMoOYFldEBl0g187ufozdaHgWKcYFb61qGiA==
  dependencies:
    balanced-match "^1.0.0"
    concat-map "0.0.1"

commander@^2.20.0:
  version "2.20.0"
  resolved "https://registry.yarnpkg.com/commander/-/commander-2.20.0.tgz#d58bb2b5c1ee8f87b0d340027e9e94e222c5a422"
  integrity sha512-7j2y+40w61zy6YC2iRNpUe/NwhNyoXrYpHMrSunaMG64nRnaf96zO/KMQR4OyN/UnE5KLyEBnKHd4aG3rskjpQ==

concat-map@0.0.1:
  version "0.0.1"
  resolved "https://registry.yarnpkg.com/concat-map/-/concat-map-0.0.1.tgz#d8a96bd77fd68df7793a73036a3ba0d5405d477b"
  integrity sha1-2Klr13/Wjfd5OnMDajug1UBdR3s=

ejs@^2.6.2:
  version "2.6.2"
  resolved "https://registry.npmjs.org/ejs/-/ejs-2.6.2.tgz#3a32c63d1cd16d11266cd4703b14fec4e74ab4f6"
  integrity sha512-PcW2a0tyTuPHz3tWyYqtK6r1fZ3gp+3Sop8Ph+ZYN81Ob5rwmbHEzaqs10N3BEsaGTkh/ooniXK+WwszGlc2+Q==

fs.realpath@^1.0.0:
  version "1.0.0"
  resolved "https://registry.yarnpkg.com/fs.realpath/-/fs.realpath-1.0.0.tgz#1504ad2523158caa40db4a2787cb01411994ea4f"
  integrity sha1-FQStJSMVjKpA20onh8sBQRmU6k8=

glob@^7.0.0:
  version "7.1.4"
  resolved "https://registry.yarnpkg.com/glob/-/glob-7.1.4.tgz#aa608a2f6c577ad357e1ae5a5c26d9a8d1969255"
  integrity sha512-hkLPepehmnKk41pUGm3sYxoFs/umurYfYJCerbXEyFIWcAzvpipAgVkBqqT9RBKMGjnq6kMuyYwha6csxbiM1A==
  dependencies:
    fs.realpath "^1.0.0"
    inflight "^1.0.4"
    inherits "2"
    minimatch "^3.0.4"
    once "^1.3.0"
    path-is-absolute "^1.0.0"

inflight@^1.0.4:
  version "1.0.6"
  resolved "https://registry.yarnpkg.com/inflight/-/inflight-1.0.6.tgz#49bd6331d7d02d0c09bc910a1075ba8165b56df9"
  integrity sha1-Sb1jMdfQLQwJvJEKEHW6gWW1bfk=
  dependencies:
    once "^1.3.0"
    wrappy "1"

inherits@2:
  version "2.0.4"
  resolved "https://registry.yarnpkg.com/inherits/-/inherits-2.0.4.tgz#0fa2c64f932917c3433a0ded55363aae37416b7c"
  integrity sha512-k/vGaX4/Yla3WzyMCvTQOXYeIHvqOKtnqBduzTHpzpQZzAskKMhZ2K+EnBiSM9zGSoIFeMpXKxa4dYeZIQqewQ==

interpret@^1.0.0:
  version "1.2.0"
  resolved "https://registry.yarnpkg.com/interpret/-/interpret-1.2.0.tgz#d5061a6224be58e8083985f5014d844359576296"
  integrity sha512-mT34yGKMNceBQUoVn7iCDKDntA7SC6gycMAWzGx1z/CMCTV7b2AAtXlo3nRyHZ1FelRkQbQjprHSYGwzLtkVbw==

minimatch@^3.0.4:
  version "3.0.4"
  resolved "https://registry.yarnpkg.com/minimatch/-/minimatch-3.0.4.tgz#5166e286457f03306064be5497e8dbb0c3d32083"
  integrity sha512-yJHVQEhyqPLUTgt9B83PXu6W3rx4MvvHvSUvToogpwoGDOUQ+yDrR0HRot+yOCdCO7u4hX3pWft6kWBBcqh0UA==
  dependencies:
    brace-expansion "^1.1.7"

once@^1.3.0:
  version "1.4.0"
  resolved "https://registry.yarnpkg.com/once/-/once-1.4.0.tgz#583b1aa775961d4b113ac17d9c50baef9dd76bd1"
  integrity sha1-WDsap3WWHUsROsF9nFC6753Xa9E=
  dependencies:
    wrappy "1"

path-is-absolute@^1.0.0:
  version "1.0.1"
  resolved "https://registry.yarnpkg.com/path-is-absolute/-/path-is-absolute-1.0.1.tgz#174b9268735534ffbc7ace6bf53a5a9e1b5c5f5f"
  integrity sha1-F0uSaHNVNP+8es5r9TpanhtcX18=

path-parse@^1.0.6:
  version "1.0.7"
  resolved "https://registry.yarnpkg.com/path-parse/-/path-parse-1.0.7.tgz#fbc114b60ca42b30d9daf5858e4bd68bbedb6735"
  integrity sha512-LDJzPVEEEPR+y48z93A0Ed0yXb8pAByGWo/k5YYdYgpY2/2EsOsksJrq7lOHxryrVOn1ejG6oAp8ahvOIQD8sw==

rechoir@^0.6.2:
  version "0.6.2"
  resolved "https://registry.yarnpkg.com/rechoir/-/rechoir-0.6.2.tgz#85204b54dba82d5742e28c96756ef43af50e3384"
  integrity sha1-hSBLVNuoLVdC4oyWdW70OvUOM4Q=
  dependencies:
    resolve "^1.1.6"

resolve@^1.1.6:
  version "1.11.1"
  resolved "https://registry.yarnpkg.com/resolve/-/resolve-1.11.1.tgz#ea10d8110376982fef578df8fc30b9ac30a07a3e"
  integrity sha512-vIpgF6wfuJOZI7KKKSP+HmiKggadPQAdsp5HiC1mvqnfp0gF1vdwgBWZIdrVft9pgqoMFQN+R7BSWZiBxx+BBw==
  dependencies:
    path-parse "^1.0.6"

shelljs@^0.8.3:
  version "0.8.3"
  resolved "https://registry.yarnpkg.com/shelljs/-/shelljs-0.8.3.tgz#a7f3319520ebf09ee81275b2368adb286659b097"
  integrity sha512-fc0BKlAWiLpwZljmOvAOTE/gXawtCoNrP5oaY7KIaQbbyHeQVg01pSEuEGvGh3HEdBU4baCD7wQBwADmM/7f7A==
  dependencies:
    glob "^7.0.0"
    interpret "^1.0.0"
    rechoir "^0.6.2"

ts_gvue@^0.0.12:
  version "0.0.12"
  resolved "https://registry.npmjs.org/ts_gvue/-/ts_gvue-0.0.12.tgz#8ee944b90c5b438f76eed40e15c9d40b642c1f13"
  integrity sha512-Z+f/h7P0qlEJmfcq1ideDcD+YD22tUwavx7DPMobdcq/Q32Izoiat2Nf60VkkRG7i/Z6O9syvdFL0FC3zvsqSA==
  dependencies:
    commander "^2.20.0"
    ejs "^2.6.2"
    shelljs "^0.8.3"
    ts_gvue "^0.0.5"

ts_gvue@^0.0.13:
  version "0.0.13"
  resolved "https://registry.npmjs.org/ts_gvue/-/ts_gvue-0.0.13.tgz#bbe6c6660397f65b35e39df5874fa13ad5b79fb0"
  integrity sha512-KdA22d/vOwuZifycnE+qL78vGDqh5dbTkSQVcD6KHJHixUdSG8KZcxy4SAEwM6aNTNHQMxrLwY0upPyIaZwzuw==
  dependencies:
    commander "^2.20.0"
    ejs "^2.6.2"
    shelljs "^0.8.3"
    ts_gvue "^0.0.12"

ts_gvue@^0.0.15:
  version "0.0.15"
  resolved "https://registry.npmjs.org/ts_gvue/-/ts_gvue-0.0.15.tgz#4ae1e915ab9026540416bb3eed05bc30e63874e2"
  integrity sha512-c2YxLvYG3EfoknsEY8d5Raym5dnkGkgvpX8+jLiezuzOA8sjxKn/UEDLxfrcra3BVv963U7i3qSYJ/ow0Y2a9Q==
  dependencies:
    commander "^2.20.0"
    ejs "^2.6.2"
    shelljs "^0.8.3"
    ts_gvue "^0.0.13"

ts_gvue@^0.0.16:
  version "0.0.16"
  resolved "https://registry.npmjs.org/ts_gvue/-/ts_gvue-0.0.16.tgz#e3e759a7c97867cd1334f1574979b656c19e2977"
  integrity sha512-9gLT+O/6HFn34DjKWXWAlU1XCKYj7L1nbUQ2uL5pSr8St2V4uEMp4ILaRYMQmyWGA5LTF6a1C0zLKYB4ofBhWA==
  dependencies:
    commander "^2.20.0"
    ejs "^2.6.2"
    shelljs "^0.8.3"
    ts_gvue "^0.0.15"

ts_gvue@^0.0.17:
  version "0.0.17"
  resolved "https://registry.npmjs.org/ts_gvue/-/ts_gvue-0.0.17.tgz#fc01089f0124dc79e7bf8242d7bb205f61752c2f"
  integrity sha512-ItDx8sGbAJRAyvlPyiLgvQ40YjrRSdJKiLPMCnuV3bS6NSr+Og7BheHXdicrOgVzaqwVTzA5Gw8sRZEr3YEmDA==
  dependencies:
    commander "^2.20.0"
    ejs "^2.6.2"
    shelljs "^0.8.3"
    ts_gvue "^0.0.16"

ts_gvue@^0.0.19:
  version "0.0.19"
  resolved "https://registry.npmjs.org/ts_gvue/-/ts_gvue-0.0.19.tgz#d00088f39b3d0ffa074e55d0b9e140cba37a4a71"
  integrity sha512-x+o6Ga/K46/8a6hpGYGdurUR10N8fPdjrECgpGkAxvDhGwTsODb9TZb90Ir78Y8J39PImBj9/JgpVV7EQbtAng==
  dependencies:
    commander "^2.20.0"
    ejs "^2.6.2"
    shelljs "^0.8.3"
    ts_gvue "^0.0.17"

ts_gvue@^0.0.2:
  version "0.0.2"
  resolved "https://registry.yarnpkg.com/ts_gvue/-/ts_gvue-0.0.2.tgz#41e536342eda24372b49cb442edacb5671d8f627"
  integrity sha512-/gJrETh3e7hlDzw+tTpugfLAHdUwmttLJUVDvLqQVFQNAsnNRiJYSXLPK4kXkHGrZlO1WnEDdYlRSugzrUPAPA==
  dependencies:
    commander "^2.20.0"
    shelljs "^0.8.3"

ts_gvue@^0.0.3:
  version "0.0.3"
  resolved "https://registry.yarnpkg.com/ts_gvue/-/ts_gvue-0.0.3.tgz#bb16cccc11a5f4745a6df53100a447c4e5149a3a"
  integrity sha512-WWAPJmNmk72QzZrXA10jQeiMCpoOpZf9uFmOr+2NqCEM6DO6Ba6EbNyyfLTSw9oyaATELBAyJan3MtNciGVg8A==
  dependencies:
    commander "^2.20.0"
    shelljs "^0.8.3"
    ts_gvue "^0.0.2"

ts_gvue@^0.0.4:
  version "0.0.4"
  resolved "https://registry.yarnpkg.com/ts_gvue/-/ts_gvue-0.0.4.tgz#a2f6b7264b7b3f059cfae7591a3e3c0006510beb"
  integrity sha512-Bop5AHVVy5fwwqu/N+SlztOx/SgVznBwbtowAOUR8PQmxwdfQ68oF0QMgNXSIO/x69rPsjt1Cm/fOqlMoy+3Tg==
  dependencies:
    commander "^2.20.0"
    shelljs "^0.8.3"
    ts_gvue "^0.0.3"

ts_gvue@^0.0.5:
  version "0.0.5"
  resolved "https://registry.yarnpkg.com/ts_gvue/-/ts_gvue-0.0.5.tgz#5aca9214afc373dea39274a25e39509c823ca5fc"
  integrity sha512-dIxvCM5udHyXRbH6ZBAWJfMWbPs90YD4hlOqtlY86RKNShD4uA7AhWqR+Ie6qt5/jUJeCiuBedCT383I0hpYCA==
  dependencies:
    commander "^2.20.0"
    shelljs "^0.8.3"
    ts_gvue "^0.0.4"

wrappy@1:
  version "1.0.2"
  resolved "https://registry.yarnpkg.com/wrappy/-/wrappy-1.0.2.tgz#b5243d8f3ec1aa35f1364605bc0d1036e30ab69f"
  integrity sha1-tSQ9jz7BqjXxNkYFvA0QNuMKtp8=
